
Microsoft Visual Studio Solution File, Format Version 12.00
# Visual Studio Version 16
VisualStudioVersion = 16.0.28803.156
MinimumVisualStudioVersion = 10.0.40219.1
Project("{FAE04EC0-301F-11D3-BF4B-00C04F79EFBC}") = "SteamRPC.Net", "SteamRPC.Net\SteamRPC.Net.csproj", "{6BCD2FA6-1A8F-4200-B11B-242F875B8EF8}"
EndProject
Project("{FAE04EC0-301F-11D3-BF4B-00C04F79EFBC}") = "SteamRPC.Net.CLI", "SteamRPC.Net.CLI\SteamRPC.Net.CLI.csproj", "{A6BEAD91-2C81-4B65-B72E-2761430E8DCB}"
EndProject
Project("{FAE04EC0-301F-11D3-BF4B-00C04F79EFBC}") = "SteamRPC.Net.GUI", "SteamRPC.Net.GUI\SteamRPC.Net.GUI.csproj", "{330743F6-EE36-4A92-887C-E64096F770F6}"
EndProject
Global
	GlobalSection(SolutionConfigurationPlatforms) = preSolution
		Debug|Any CPU = Debug|Any CPU
		Release|Any CPU = Release|Any CPU
	EndGlobalSection
	GlobalSection(ProjectConfigurationPlatforms) = postSolution
		{6BCD2FA6-1A8F-4200-B11B-242F875B8EF8}.Debug|Any CPU.ActiveCfg = Debug|Any CPU
		{6BCD2FA6-1A8F-4200-B11B-242F875B8EF8}.Debug|Any CPU.Build.0 = Debug|Any CPU
		{6BCD2FA6-1A8F-4200-B11B-242F875B8EF8}.Release|Any CPU.ActiveCfg = Release|Any CPU
		{6BCD2FA6-1A8F-4200-B11B-242F875B8EF8}.Release|Any CPU.Build.0 = Release|Any CPU
		{A6BEAD91-2C81-4B65-B72E-2761430E8DCB}.Debug|Any CPU.ActiveCfg = Debug|Any CPU
		{A6BEAD91-2C81-4B65-B72E-2761430E8DCB}.Debug|Any CPU.Build.0 = Debug|Any CPU
		{A6BEAD91-2C81-4B65-B72E-2761430E8DCB}.Release|Any CPU.ActiveCfg = Release|Any CPU
		{A6BEAD91-2C81-4B65-B72E-2761430E8DCB}.Release|Any CPU.Build.0 = Release|Any CPU
		{330743F6-EE36-4A92-887C-E64096F770F6}.Debug|Any CPU.ActiveCfg = Debug|Any CPU
		{330743F6-EE36-4A92-887C-E64096F770F6}.Debug|Any CPU.Build.0 = Debug|Any CPU
		{330743F6-EE36-4A92-887C-E64096F770F6}.Release|Any CPU.ActiveCfg = Release|Any CPU
		{330743F6-EE36-4A92-887C-E64096F770F6}.Release|Any CPU.Build.0 = Release|Any CPU
	EndGlobalSection
	GlobalSection(SolutionProperties) = preSolution
		HideSolutionNode = FALSE
	EndGlobalSection
	GlobalSection(ExtensibilityGlobals) = postSolution
		SolutionGuid = {7B849F5C-6442-440E-ABBC-28B8DB2B11CC}
	EndGlobalSection
EndGlobal
